<?xml version="1.0" encoding="utf-8"?>
<Project ToolsVersion="4.0" xmlns="http://schemas.microsoft.com/developer/msbuild/2003">
  <ItemGroup>
    <Filter Include="소스 파일">
      <UniqueIdentifier>{4FC737F1-C7A5-4376-A066-2A32D752A2FF}</UniqueIdentifier>
      <Extensions>cpp;c;cc;cxx;c++;cppm;ixx;def;odl;idl;hpj;bat;asm;asmx</Extensions>
    </Filter>
    <Filter Include="헤더 파일">
      <UniqueIdentifier>{93995380-89BD-4b04-88EB-625FBE52EBFB}</UniqueIdentifier>
      <Extensions>h;hh;hpp;hxx;h++;hm;inl;inc;ipp;xsd</Extensions>
    </Filter>
    <Filter Include="리소스 파일">
      <UniqueIdentifier>{67DA6AB6-F800-4c08-8B7A-83BB121AAD01}</UniqueIdentifier>
      <Extensions>rc;ico;cur;bmp;dlg;rc2;rct;bin;rgs;gif;jpg;jpeg;jpe;resx;tiff;tif;png;wav;mfcribbon-ms</Extensions>
    </Filter>
    <Filter Include="헤더 파일\Window">
      <UniqueIdentifier>{c7e3593d-ecfa-42bb-bdc4-ca034d595264}</UniqueIdentifier>
    </Filter>
    <Filter Include="소스 파일\Window">
      <UniqueIdentifier>{2a9820f3-f405-4db5-a875-463d6b8e3aac}</UniqueIdentifier>
    </Filter>
    <Filter Include="헤더 파일\Initializer">
      <UniqueIdentifier>{d75ed43c-ce2f-4da7-adf4-d4c1b209a632}</UniqueIdentifier>
    </Filter>
    <Filter Include="헤더 파일\Prototype">
      <UniqueIdentifier>{5ccf3869-2484-4213-a00e-7ae368e061eb}</UniqueIdentifier>
    </Filter>
    <Filter Include="헤더 파일\IniReader">
      <UniqueIdentifier>{a7a6c329-46bc-4bc8-826e-492594f1ed3a}</UniqueIdentifier>
    </Filter>
    <Filter Include="소스 파일\IniReader">
      <UniqueIdentifier>{f5ae5be4-56d4-42de-89f3-4cfcf70b7ea7}</UniqueIdentifier>
    </Filter>
    <Filter Include="리소스 파일\ini">
      <UniqueIdentifier>{0f4c59ea-b050-4517-b921-5b72b9617145}</UniqueIdentifier>
    </Filter>
  </ItemGroup>
  <ItemGroup>
    <ClCompile Include="main.cpp">
      <Filter>소스 파일</Filter>
    </ClCompile>
    <ClCompile Include="Window\Window.cpp">
      <Filter>소스 파일\Window</Filter>
    </ClCompile>
    <ClCompile Include="IniReader\IniReader.cpp">
      <Filter>소스 파일\IniReader</Filter>
    </ClCompile>
  </ItemGroup>
  <ItemGroup>
    <ClInclude Include="Window\Window.h">
      <Filter>헤더 파일\Window</Filter>
    </ClInclude>
    <ClInclude Include="Initializer\Initializer.h">
      <Filter>헤더 파일\Initializer</Filter>
    </ClInclude>
    <ClInclude Include="IniReader\IniReader.h">
      <Filter>헤더 파일\IniReader</Filter>
    </ClInclude>
    <ClInclude Include="Prototype\Singleton.h">
      <Filter>헤더 파일\Prototype</Filter>
    </ClInclude>
  </ItemGroup>
  <ItemGroup>
    <None Include="resources\ini\config.ini">
      <Filter>리소스 파일\ini</Filter>
    </None>
  </ItemGroup>
</Project>